
Microsoft Visual Studio Solution File, Format Version 12.00
# Visual Studio Version 17
VisualStudioVersion = 17.14.36221.1
MinimumVisualStudioVersion = 10.0.40219.1
Project("{2150E333-8FDC-42A3-9474-1A3956D46DE8}") = "Dominio", "Dominio", "{02EA681E-C7D8-13C7-8484-4AC65E1B71E8}"
EndProject
Project("{2150E333-8FDC-42A3-9474-1A3956D46DE8}") = "Infraestructura", "Infraestructura", "{03833565-54DD-4733-B8F6-B57A568258ED}"
EndProject
Project("{FAE04EC0-301F-11D3-BF4B-00C04F79EFBC}") = "SistemaInmobiliario.Infraestructura", "SistemaInmobiliario.Infraestructura\SistemaInmobiliario.Infraestructura.csproj", "{8B4E4B42-E062-4421-8866-F2F85BD9E16E}"
EndProject
Global
	GlobalSection(SolutionConfigurationPlatforms) = preSolution
		Debug|Any CPU = Debug|Any CPU
		Release|Any CPU = Release|Any CPU
	EndGlobalSection
	GlobalSection(ProjectConfigurationPlatforms) = postSolution
		{8B4E4B42-E062-4421-8866-F2F85BD9E16E}.Debug|Any CPU.ActiveCfg = Debug|Any CPU
		{8B4E4B42-E062-4421-8866-F2F85BD9E16E}.Debug|Any CPU.Build.0 = Debug|Any CPU
		{8B4E4B42-E062-4421-8866-F2F85BD9E16E}.Release|Any CPU.ActiveCfg = Release|Any CPU
		{8B4E4B42-E062-4421-8866-F2F85BD9E16E}.Release|Any CPU.Build.0 = Release|Any CPU
	EndGlobalSection
	GlobalSection(SolutionProperties) = preSolution
		HideSolutionNode = FALSE
	EndGlobalSection
	GlobalSection(NestedProjects) = preSolution
		{8B4E4B42-E062-4421-8866-F2F85BD9E16E} = {03833565-54DD-4733-B8F6-B57A568258ED}
	EndGlobalSection
	GlobalSection(ExtensibilityGlobals) = postSolution
		SolutionGuid = {C03C7F09-0513-4BD6-A10D-41828132E5D7}
	EndGlobalSection
EndGlobal
